// !$*UTF8*$!
{
	archiveVersion = 1;
	classes = {
	};
	objectVersion = 56;
	objects = {

/* Begin PBXBuildFile section */
		940644B42A4612F2002C4546 /* main.swift in Sources */ = {isa = PBXBuildFile; fileRef = 940644B32A4612F2002C4546 /* main.swift */; };
		940644BB2A461BB3002C4546 /* TwoSum(1).swift in Sources */ = {isa = PBXBuildFile; fileRef = 940644BA2A461BB3002C4546 /* TwoSum(1).swift */; };
		940644BF2A4620E2002C4546 /* ContainsDuplicate(217).swift in Sources */ = {isa = PBXBuildFile; fileRef = 940644BE2A4620E2002C4546 /* ContainsDuplicate(217).swift */; };
		940644C12A462625002C4546 /* ProductofArrayExceptSelf(238).swift in Sources */ = {isa = PBXBuildFile; fileRef = 940644C02A462625002C4546 /* ProductofArrayExceptSelf(238).swift */; };
		940644C32A462B37002C4546 /* MaximumProductSubarray(152).swift in Sources */ = {isa = PBXBuildFile; fileRef = 940644C22A462B37002C4546 /* MaximumProductSubarray(152).swift */; };
		940644C52A463B99002C4546 /* FindMinimuminRotatedSortedArray(153).swift in Sources */ = {isa = PBXBuildFile; fileRef = 940644C42A463B99002C4546 /* FindMinimuminRotatedSortedArray(153).swift */; };
		940644C72A4649EB002C4546 /* ClimbingStairs(70).swift in Sources */ = {isa = PBXBuildFile; fileRef = 940644C62A4649EB002C4546 /* ClimbingStairs(70).swift */; };
		940644C92A464A84002C4546 /* LongestIncreasingSubsequence(300).swift in Sources */ = {isa = PBXBuildFile; fileRef = 940644C82A464A84002C4546 /* LongestIncreasingSubsequence(300).swift */; };
		940644CB2A465B9A002C4546 /* ValidParentheses(20).swift in Sources */ = {isa = PBXBuildFile; fileRef = 940644CA2A465B9A002C4546 /* ValidParentheses(20).swift */; };
		940644CD2A465C97002C4546 /* SwapNodesinPairs(24).swift in Sources */ = {isa = PBXBuildFile; fileRef = 940644CC2A465C97002C4546 /* SwapNodesinPairs(24).swift */; };
		940644CF2A466106002C4546 /* SpiralMatrix(54).swift in Sources */ = {isa = PBXBuildFile; fileRef = 940644CE2A466106002C4546 /* SpiralMatrix(54).swift */; };
		9458AFD42A6E586A001C7E6D /* ConstructSmallestNumberFromDIString(2375).swift in Sources */ = {isa = PBXBuildFile; fileRef = 9458AFD32A6E586A001C7E6D /* ConstructSmallestNumberFromDIString(2375).swift */; };
		9463831A2A57362500B24CA9 /* RotateImage(48).swift in Sources */ = {isa = PBXBuildFile; fileRef = 946383192A57362500B24CA9 /* RotateImage(48).swift */; };
		9463831C2A5742A100B24CA9 /* SetMatrixZeroes(73).swift in Sources */ = {isa = PBXBuildFile; fileRef = 9463831B2A5742A100B24CA9 /* SetMatrixZeroes(73).swift */; };
		9463831E2A57528F00B24CA9 /* ReverseLinkedList(206).swift in Sources */ = {isa = PBXBuildFile; fileRef = 9463831D2A57528F00B24CA9 /* ReverseLinkedList(206).swift */; };
		946383202A5780F100B24CA9 /* MergeTwoSortedLists(21).swift in Sources */ = {isa = PBXBuildFile; fileRef = 9463831F2A5780F100B24CA9 /* MergeTwoSortedLists(21).swift */; };
		946383222A5783D600B24CA9 /* MergeKSortedLists(23).swift in Sources */ = {isa = PBXBuildFile; fileRef = 946383212A5783D600B24CA9 /* MergeKSortedLists(23).swift */; };
		946383242A5796DB00B24CA9 /* RemoveNthNodeFromEndOfList(19).swift in Sources */ = {isa = PBXBuildFile; fileRef = 946383232A5796DB00B24CA9 /* RemoveNthNodeFromEndOfList(19).swift */; };
		946383262A588F8000B24CA9 /* ReorderList(143).swift in Sources */ = {isa = PBXBuildFile; fileRef = 946383252A588F8000B24CA9 /* ReorderList(143).swift */; };
		9468CF852A58C92B0096D3CE /* WordSearch(79).swift in Sources */ = {isa = PBXBuildFile; fileRef = 9468CF842A58C92B0096D3CE /* WordSearch(79).swift */; };
		9468CF872A58E5530096D3CE /* MaximumDepthOfBinaryTree(104).swift in Sources */ = {isa = PBXBuildFile; fileRef = 9468CF862A58E5530096D3CE /* MaximumDepthOfBinaryTree(104).swift */; };
		9468CF892A58EA5D0096D3CE /* SameTree(100).swift in Sources */ = {isa = PBXBuildFile; fileRef = 9468CF882A58EA5D0096D3CE /* SameTree(100).swift */; };
		9468CF8B2A58ED5C0096D3CE /* BinaryTreeLevelOrderTraversal(102).swift in Sources */ = {isa = PBXBuildFile; fileRef = 9468CF8A2A58ED5C0096D3CE /* BinaryTreeLevelOrderTraversal(102).swift */; };
		9468CF8D2A59CE5D0096D3CE /* ValidateBinarySearchTree(98).swift in Sources */ = {isa = PBXBuildFile; fileRef = 9468CF8C2A59CE5D0096D3CE /* ValidateBinarySearchTree(98).swift */; };
		9468CF8F2A5B80550096D3CE /* KthSmallestElementInaBST(230).swift in Sources */ = {isa = PBXBuildFile; fileRef = 9468CF8E2A5B80550096D3CE /* KthSmallestElementInaBST(230).swift */; };
		9468CF912A5BB3200096D3CE /* LowestCommonAncestorOfaBinarySearchTree(235).swift in Sources */ = {isa = PBXBuildFile; fileRef = 9468CF902A5BB3200096D3CE /* LowestCommonAncestorOfaBinarySearchTree(235).swift */; };
		9468CF932A5BCC330096D3CE /* NumberOfIslands(200).swift in Sources */ = {isa = PBXBuildFile; fileRef = 9468CF922A5BCC330096D3CE /* NumberOfIslands(200).swift */; };
		9468CF952A5BDC040096D3CE /* MinimumDepthOfBinaryTree(111).swift in Sources */ = {isa = PBXBuildFile; fileRef = 9468CF942A5BDC040096D3CE /* MinimumDepthOfBinaryTree(111).swift */; };
		9468CF972A5CEC260096D3CE /* AllNodesDistanceKInBinaryTree(863).swift in Sources */ = {isa = PBXBuildFile; fileRef = 9468CF962A5CEC260096D3CE /* AllNodesDistanceKInBinaryTree(863).swift */; };
		9468CF992A61CD630096D3CE /* LongestArithmeticSubsequenceOfGivenDifference(1218).swift in Sources */ = {isa = PBXBuildFile; fileRef = 9468CF982A61CD630096D3CE /* LongestArithmeticSubsequenceOfGivenDifference(1218).swift */; };
		947611D12A646AD90024E44E /* FindTheDifference(389).swift in Sources */ = {isa = PBXBuildFile; fileRef = 947611D02A646AD90024E44E /* FindTheDifference(389).swift */; };
		947611D32A6613210024E44E /* AddTwoNumbersII(445).swift in Sources */ = {isa = PBXBuildFile; fileRef = 947611D22A6613210024E44E /* AddTwoNumbersII(445).swift */; };
		9494BFEC2A539CB800DF51CF /* BuddyStrings(859).swift in Sources */ = {isa = PBXBuildFile; fileRef = 9494BFEB2A539CB800DF51CF /* BuddyStrings(859).swift */; };
		9494BFEE2A548D0F00DF51CF /* SumOfTwoIntegers(371).swift in Sources */ = {isa = PBXBuildFile; fileRef = 9494BFED2A548D0F00DF51CF /* SumOfTwoIntegers(371).swift */; };
		9494BFF02A548E4500DF51CF /* SubtreeOfAnotherTree(572).swift in Sources */ = {isa = PBXBuildFile; fileRef = 9494BFEF2A548E4500DF51CF /* SubtreeOfAnotherTree(572).swift */; };
		9494BFF22A548F8300DF51CF /* InvertBinaryTree(226).swift in Sources */ = {isa = PBXBuildFile; fileRef = 9494BFF12A548F8300DF51CF /* InvertBinaryTree(226).swift */; };
		9494BFF42A54909E00DF51CF /* LinkedListCycle(141).swift in Sources */ = {isa = PBXBuildFile; fileRef = 9494BFF32A54909E00DF51CF /* LinkedListCycle(141).swift */; };
		9494BFF62A5491D600DF51CF /* LongestConsecutiveSequence(128).swift in Sources */ = {isa = PBXBuildFile; fileRef = 9494BFF52A5491D600DF51CF /* LongestConsecutiveSequence(128).swift */; };
		9494BFF82A54928100DF51CF /* DecodeWays(91).swift in Sources */ = {isa = PBXBuildFile; fileRef = 9494BFF72A54928100DF51CF /* DecodeWays(91).swift */; };
		9494BFFA2A5494DF00DF51CF /* TopKFrequentElements(347).swift in Sources */ = {isa = PBXBuildFile; fileRef = 9494BFF92A5494DF00DF51CF /* TopKFrequentElements(347).swift */; };
		9494BFFC2A54964900DF51CF /* CourseSchedule(207).swift in Sources */ = {isa = PBXBuildFile; fileRef = 9494BFFB2A54964900DF51CF /* CourseSchedule(207).swift */; };
		9494BFFE2A54C18800DF51CF /* 3Sum(15).swift in Sources */ = {isa = PBXBuildFile; fileRef = 9494BFFD2A54C18800DF51CF /* 3Sum(15).swift */; };
		9494C0002A54C7DB00DF51CF /* SimplifyPath(71).swift in Sources */ = {isa = PBXBuildFile; fileRef = 9494BFFF2A54C7DB00DF51CF /* SimplifyPath(71).swift */; };
		9494C0022A54CCBD00DF51CF /* Subsets(78).swift in Sources */ = {isa = PBXBuildFile; fileRef = 9494C0012A54CCBD00DF51CF /* Subsets(78).swift */; };
		9494C0042A54CE7300DF51CF /* MergeSortedArray(88).swift in Sources */ = {isa = PBXBuildFile; fileRef = 9494C0032A54CE7300DF51CF /* MergeSortedArray(88).swift */; };
		9494C0062A54D00900DF51CF /* BinaryTreeInorderTraversal(94).swift in Sources */ = {isa = PBXBuildFile; fileRef = 9494C0052A54D00900DF51CF /* BinaryTreeInorderTraversal(94).swift */; };
		9494C00C2A54D36D00DF51CF /* BestTimetoBuyandSellStock(121).swift in Sources */ = {isa = PBXBuildFile; fileRef = 9494C00B2A54D36D00DF51CF /* BestTimetoBuyandSellStock(121).swift */; };
		9494C00E2A54D3D700DF51CF /* GasStation(134).swift in Sources */ = {isa = PBXBuildFile; fileRef = 9494C00D2A54D3D700DF51CF /* GasStation(134).swift */; };
		9494C0102A54D7BC00DF51CF /* ContainerWithMostWater(11).swift in Sources */ = {isa = PBXBuildFile; fileRef = 9494C00F2A54D7BC00DF51CF /* ContainerWithMostWater(11).swift */; };
		9494C0122A54DEA900DF51CF /* NumberOf1Bits(191).swift in Sources */ = {isa = PBXBuildFile; fileRef = 9494C0112A54DEA900DF51CF /* NumberOf1Bits(191).swift */; };
		9494C0142A551DCA00DF51CF /* CountingBits(338).swift in Sources */ = {isa = PBXBuildFile; fileRef = 9494C0132A551DCA00DF51CF /* CountingBits(338).swift */; };
		9494C0162A55225500DF51CF /* MissingNumber(268).swift in Sources */ = {isa = PBXBuildFile; fileRef = 9494C0152A55225500DF51CF /* MissingNumber(268).swift */; };
		9494C0182A552C4B00DF51CF /* ReverseBits(190).swift in Sources */ = {isa = PBXBuildFile; fileRef = 9494C0172A552C4B00DF51CF /* ReverseBits(190).swift */; };
		9494C01A2A55E71700DF51CF /* CoinChange(322).swift in Sources */ = {isa = PBXBuildFile; fileRef = 9494C0192A55E71700DF51CF /* CoinChange(322).swift */; };
		9494C01C2A55EB9800DF51CF /* BinaryTreePreorderTraversal(144).swift in Sources */ = {isa = PBXBuildFile; fileRef = 9494C01B2A55EB9800DF51CF /* BinaryTreePreorderTraversal(144).swift */; };
		9494C01E2A55EC7D00DF51CF /* BinaryTreePostorderTraversal(145).swift in Sources */ = {isa = PBXBuildFile; fileRef = 9494C01D2A55EC7D00DF51CF /* BinaryTreePostorderTraversal(145).swift */; };
		9494C0202A5600CE00DF51CF /* WordBreak(139).swift in Sources */ = {isa = PBXBuildFile; fileRef = 9494C01F2A5600CE00DF51CF /* WordBreak(139).swift */; };
		9494C0222A56158300DF51CF /* CombinationSumIV(377).swift in Sources */ = {isa = PBXBuildFile; fileRef = 9494C0212A56158300DF51CF /* CombinationSumIV(377).swift */; };
		9494C0242A561D9F00DF51CF /* CourseScheduleII(210).swift in Sources */ = {isa = PBXBuildFile; fileRef = 9494C0232A561D9F00DF51CF /* CourseScheduleII(210).swift */; };
		9494C0262A561F1300DF51CF /* SummaryRanges(228).swift in Sources */ = {isa = PBXBuildFile; fileRef = 9494C0252A561F1300DF51CF /* SummaryRanges(228).swift */; };
		9494C0282A5626AE00DF51CF /* LowestCommonAncestorOfABinaryTree(236).swift in Sources */ = {isa = PBXBuildFile; fileRef = 9494C0272A5626AE00DF51CF /* LowestCommonAncestorOfABinaryTree(236).swift */; };
		9494C02A2A56297500DF51CF /* AddDigits(258).swift in Sources */ = {isa = PBXBuildFile; fileRef = 9494C0292A56297500DF51CF /* AddDigits(258).swift */; };
		9494C02C2A56372200DF51CF /* HouseRobber(198).swift in Sources */ = {isa = PBXBuildFile; fileRef = 9494C02B2A56372200DF51CF /* HouseRobber(198).swift */; };
		9494C02E2A56381C00DF51CF /* EvaluateDivision(399).swift in Sources */ = {isa = PBXBuildFile; fileRef = 9494C02D2A56381C00DF51CF /* EvaluateDivision(399).swift */; };
		9494C0302A56538200DF51CF /* SortCharactersByFrequency(451).swift in Sources */ = {isa = PBXBuildFile; fileRef = 9494C02F2A56538200DF51CF /* SortCharactersByFrequency(451).swift */; };
/* End PBXBuildFile section */

/* Begin PBXCopyFilesBuildPhase section */
		940644AE2A4612F2002C4546 /* CopyFiles */ = {
			isa = PBXCopyFilesBuildPhase;
			buildActionMask = 2147483647;
			dstPath = /usr/share/man/man1/;
			dstSubfolderSpec = 0;
			files = (
			);
			runOnlyForDeploymentPostprocessing = 1;
		};
/* End PBXCopyFilesBuildPhase section */

/* Begin PBXFileReference section */
		940644B02A4612F2002C4546 /* Leetcode */ = {isa = PBXFileReference; explicitFileType = "compiled.mach-o.executable"; includeInIndex = 0; path = Leetcode; sourceTree = BUILT_PRODUCTS_DIR; };
		940644B32A4612F2002C4546 /* main.swift */ = {isa = PBXFileReference; lastKnownFileType = sourcecode.swift; path = main.swift; sourceTree = "<group>"; };
		940644BA2A461BB3002C4546 /* TwoSum(1).swift */ = {isa = PBXFileReference; lastKnownFileType = sourcecode.swift; path = "TwoSum(1).swift"; sourceTree = "<group>"; };
		940644BE2A4620E2002C4546 /* ContainsDuplicate(217).swift */ = {isa = PBXFileReference; lastKnownFileType = sourcecode.swift; path = "ContainsDuplicate(217).swift"; sourceTree = "<group>"; };
		940644C02A462625002C4546 /* ProductofArrayExceptSelf(238).swift */ = {isa = PBXFileReference; lastKnownFileType = sourcecode.swift; path = "ProductofArrayExceptSelf(238).swift"; sourceTree = "<group>"; };
		940644C22A462B37002C4546 /* MaximumProductSubarray(152).swift */ = {isa = PBXFileReference; lastKnownFileType = sourcecode.swift; path = "MaximumProductSubarray(152).swift"; sourceTree = "<group>"; };
		940644C42A463B99002C4546 /* FindMinimuminRotatedSortedArray(153).swift */ = {isa = PBXFileReference; lastKnownFileType = sourcecode.swift; path = "FindMinimuminRotatedSortedArray(153).swift"; sourceTree = "<group>"; };
		940644C62A4649EB002C4546 /* ClimbingStairs(70).swift */ = {isa = PBXFileReference; lastKnownFileType = sourcecode.swift; path = "ClimbingStairs(70).swift"; sourceTree = "<group>"; };
		940644C82A464A84002C4546 /* LongestIncreasingSubsequence(300).swift */ = {isa = PBXFileReference; lastKnownFileType = sourcecode.swift; path = "LongestIncreasingSubsequence(300).swift"; sourceTree = "<group>"; };
		940644CA2A465B9A002C4546 /* ValidParentheses(20).swift */ = {isa = PBXFileReference; lastKnownFileType = sourcecode.swift; path = "ValidParentheses(20).swift"; sourceTree = "<group>"; };
		940644CC2A465C97002C4546 /* SwapNodesinPairs(24).swift */ = {isa = PBXFileReference; lastKnownFileType = sourcecode.swift; path = "SwapNodesinPairs(24).swift"; sourceTree = "<group>"; };
		940644CE2A466106002C4546 /* SpiralMatrix(54).swift */ = {isa = PBXFileReference; lastKnownFileType = sourcecode.swift; path = "SpiralMatrix(54).swift"; sourceTree = "<group>"; };
		9458AFD32A6E586A001C7E6D /* ConstructSmallestNumberFromDIString(2375).swift */ = {isa = PBXFileReference; lastKnownFileType = sourcecode.swift; path = "ConstructSmallestNumberFromDIString(2375).swift"; sourceTree = "<group>"; };
		946383192A57362500B24CA9 /* RotateImage(48).swift */ = {isa = PBXFileReference; lastKnownFileType = sourcecode.swift; path = "RotateImage(48).swift"; sourceTree = "<group>"; };
		9463831B2A5742A100B24CA9 /* SetMatrixZeroes(73).swift */ = {isa = PBXFileReference; lastKnownFileType = sourcecode.swift; path = "SetMatrixZeroes(73).swift"; sourceTree = "<group>"; };
		9463831D2A57528F00B24CA9 /* ReverseLinkedList(206).swift */ = {isa = PBXFileReference; lastKnownFileType = sourcecode.swift; path = "ReverseLinkedList(206).swift"; sourceTree = "<group>"; };
		9463831F2A5780F100B24CA9 /* MergeTwoSortedLists(21).swift */ = {isa = PBXFileReference; lastKnownFileType = sourcecode.swift; path = "MergeTwoSortedLists(21).swift"; sourceTree = "<group>"; };
		946383212A5783D600B24CA9 /* MergeKSortedLists(23).swift */ = {isa = PBXFileReference; lastKnownFileType = sourcecode.swift; path = "MergeKSortedLists(23).swift"; sourceTree = "<group>"; };
		946383232A5796DB00B24CA9 /* RemoveNthNodeFromEndOfList(19).swift */ = {isa = PBXFileReference; lastKnownFileType = sourcecode.swift; path = "RemoveNthNodeFromEndOfList(19).swift"; sourceTree = "<group>"; };
		946383252A588F8000B24CA9 /* ReorderList(143).swift */ = {isa = PBXFileReference; lastKnownFileType = sourcecode.swift; path = "ReorderList(143).swift"; sourceTree = "<group>"; };
		9468CF842A58C92B0096D3CE /* WordSearch(79).swift */ = {isa = PBXFileReference; lastKnownFileType = sourcecode.swift; path = "WordSearch(79).swift"; sourceTree = "<group>"; };
		9468CF862A58E5530096D3CE /* MaximumDepthOfBinaryTree(104).swift */ = {isa = PBXFileReference; lastKnownFileType = sourcecode.swift; path = "MaximumDepthOfBinaryTree(104).swift"; sourceTree = "<group>"; };
		9468CF882A58EA5D0096D3CE /* SameTree(100).swift */ = {isa = PBXFileReference; lastKnownFileType = sourcecode.swift; path = "SameTree(100).swift"; sourceTree = "<group>"; };
		9468CF8A2A58ED5C0096D3CE /* BinaryTreeLevelOrderTraversal(102).swift */ = {isa = PBXFileReference; lastKnownFileType = sourcecode.swift; path = "BinaryTreeLevelOrderTraversal(102).swift"; sourceTree = "<group>"; };
		9468CF8C2A59CE5D0096D3CE /* ValidateBinarySearchTree(98).swift */ = {isa = PBXFileReference; lastKnownFileType = sourcecode.swift; path = "ValidateBinarySearchTree(98).swift"; sourceTree = "<group>"; };
		9468CF8E2A5B80550096D3CE /* KthSmallestElementInaBST(230).swift */ = {isa = PBXFileReference; lastKnownFileType = sourcecode.swift; path = "KthSmallestElementInaBST(230).swift"; sourceTree = "<group>"; };
		9468CF902A5BB3200096D3CE /* LowestCommonAncestorOfaBinarySearchTree(235).swift */ = {isa = PBXFileReference; lastKnownFileType = sourcecode.swift; path = "LowestCommonAncestorOfaBinarySearchTree(235).swift"; sourceTree = "<group>"; };
		9468CF922A5BCC330096D3CE /* NumberOfIslands(200).swift */ = {isa = PBXFileReference; lastKnownFileType = sourcecode.swift; path = "NumberOfIslands(200).swift"; sourceTree = "<group>"; };
		9468CF942A5BDC040096D3CE /* MinimumDepthOfBinaryTree(111).swift */ = {isa = PBXFileReference; lastKnownFileType = sourcecode.swift; path = "MinimumDepthOfBinaryTree(111).swift"; sourceTree = "<group>"; };
		9468CF962A5CEC260096D3CE /* AllNodesDistanceKInBinaryTree(863).swift */ = {isa = PBXFileReference; lastKnownFileType = sourcecode.swift; path = "AllNodesDistanceKInBinaryTree(863).swift"; sourceTree = "<group>"; };
		9468CF982A61CD630096D3CE /* LongestArithmeticSubsequenceOfGivenDifference(1218).swift */ = {isa = PBXFileReference; lastKnownFileType = sourcecode.swift; path = "LongestArithmeticSubsequenceOfGivenDifference(1218).swift"; sourceTree = "<group>"; };
		947611D02A646AD90024E44E /* FindTheDifference(389).swift */ = {isa = PBXFileReference; lastKnownFileType = sourcecode.swift; path = "FindTheDifference(389).swift"; sourceTree = "<group>"; };
		947611D22A6613210024E44E /* AddTwoNumbersII(445).swift */ = {isa = PBXFileReference; lastKnownFileType = sourcecode.swift; path = "AddTwoNumbersII(445).swift"; sourceTree = "<group>"; };
		9494BFEB2A539CB800DF51CF /* BuddyStrings(859).swift */ = {isa = PBXFileReference; lastKnownFileType = sourcecode.swift; path = "BuddyStrings(859).swift"; sourceTree = "<group>"; };
		9494BFED2A548D0F00DF51CF /* SumOfTwoIntegers(371).swift */ = {isa = PBXFileReference; lastKnownFileType = sourcecode.swift; path = "SumOfTwoIntegers(371).swift"; sourceTree = "<group>"; };
		9494BFEF2A548E4500DF51CF /* SubtreeOfAnotherTree(572).swift */ = {isa = PBXFileReference; lastKnownFileType = sourcecode.swift; path = "SubtreeOfAnotherTree(572).swift"; sourceTree = "<group>"; };
		9494BFF12A548F8300DF51CF /* InvertBinaryTree(226).swift */ = {isa = PBXFileReference; lastKnownFileType = sourcecode.swift; path = "InvertBinaryTree(226).swift"; sourceTree = "<group>"; };
		9494BFF32A54909E00DF51CF /* LinkedListCycle(141).swift */ = {isa = PBXFileReference; lastKnownFileType = sourcecode.swift; path = "LinkedListCycle(141).swift"; sourceTree = "<group>"; };
		9494BFF52A5491D600DF51CF /* LongestConsecutiveSequence(128).swift */ = {isa = PBXFileReference; lastKnownFileType = sourcecode.swift; path = "LongestConsecutiveSequence(128).swift"; sourceTree = "<group>"; };
		9494BFF72A54928100DF51CF /* DecodeWays(91).swift */ = {isa = PBXFileReference; lastKnownFileType = sourcecode.swift; path = "DecodeWays(91).swift"; sourceTree = "<group>"; };
		9494BFF92A5494DF00DF51CF /* TopKFrequentElements(347).swift */ = {isa = PBXFileReference; lastKnownFileType = sourcecode.swift; path = "TopKFrequentElements(347).swift"; sourceTree = "<group>"; };
		9494BFFB2A54964900DF51CF /* CourseSchedule(207).swift */ = {isa = PBXFileReference; lastKnownFileType = sourcecode.swift; path = "CourseSchedule(207).swift"; sourceTree = "<group>"; };
		9494BFFD2A54C18800DF51CF /* 3Sum(15).swift */ = {isa = PBXFileReference; lastKnownFileType = sourcecode.swift; path = "3Sum(15).swift"; sourceTree = "<group>"; };
		9494BFFF2A54C7DB00DF51CF /* SimplifyPath(71).swift */ = {isa = PBXFileReference; lastKnownFileType = sourcecode.swift; path = "SimplifyPath(71).swift"; sourceTree = "<group>"; };
		9494C0012A54CCBD00DF51CF /* Subsets(78).swift */ = {isa = PBXFileReference; lastKnownFileType = sourcecode.swift; path = "Subsets(78).swift"; sourceTree = "<group>"; };
		9494C0032A54CE7300DF51CF /* MergeSortedArray(88).swift */ = {isa = PBXFileReference; lastKnownFileType = sourcecode.swift; path = "MergeSortedArray(88).swift"; sourceTree = "<group>"; };
		9494C0052A54D00900DF51CF /* BinaryTreeInorderTraversal(94).swift */ = {isa = PBXFileReference; lastKnownFileType = sourcecode.swift; path = "BinaryTreeInorderTraversal(94).swift"; sourceTree = "<group>"; };
		9494C00B2A54D36D00DF51CF /* BestTimetoBuyandSellStock(121).swift */ = {isa = PBXFileReference; fileEncoding = 4; lastKnownFileType = sourcecode.swift; path = "BestTimetoBuyandSellStock(121).swift"; sourceTree = "<group>"; };
		9494C00D2A54D3D700DF51CF /* GasStation(134).swift */ = {isa = PBXFileReference; lastKnownFileType = sourcecode.swift; path = "GasStation(134).swift"; sourceTree = "<group>"; };
		9494C00F2A54D7BC00DF51CF /* ContainerWithMostWater(11).swift */ = {isa = PBXFileReference; lastKnownFileType = sourcecode.swift; path = "ContainerWithMostWater(11).swift"; sourceTree = "<group>"; };
		9494C0112A54DEA900DF51CF /* NumberOf1Bits(191).swift */ = {isa = PBXFileReference; lastKnownFileType = sourcecode.swift; path = "NumberOf1Bits(191).swift"; sourceTree = "<group>"; };
		9494C0132A551DCA00DF51CF /* CountingBits(338).swift */ = {isa = PBXFileReference; lastKnownFileType = sourcecode.swift; path = "CountingBits(338).swift"; sourceTree = "<group>"; };
		9494C0152A55225500DF51CF /* MissingNumber(268).swift */ = {isa = PBXFileReference; lastKnownFileType = sourcecode.swift; path = "MissingNumber(268).swift"; sourceTree = "<group>"; };
		9494C0172A552C4B00DF51CF /* ReverseBits(190).swift */ = {isa = PBXFileReference; lastKnownFileType = sourcecode.swift; path = "ReverseBits(190).swift"; sourceTree = "<group>"; };
		9494C0192A55E71700DF51CF /* CoinChange(322).swift */ = {isa = PBXFileReference; lastKnownFileType = sourcecode.swift; path = "CoinChange(322).swift"; sourceTree = "<group>"; };
		9494C01B2A55EB9800DF51CF /* BinaryTreePreorderTraversal(144).swift */ = {isa = PBXFileReference; lastKnownFileType = sourcecode.swift; path = "BinaryTreePreorderTraversal(144).swift"; sourceTree = "<group>"; };
		9494C01D2A55EC7D00DF51CF /* BinaryTreePostorderTraversal(145).swift */ = {isa = PBXFileReference; lastKnownFileType = sourcecode.swift; path = "BinaryTreePostorderTraversal(145).swift"; sourceTree = "<group>"; };
		9494C01F2A5600CE00DF51CF /* WordBreak(139).swift */ = {isa = PBXFileReference; lastKnownFileType = sourcecode.swift; path = "WordBreak(139).swift"; sourceTree = "<group>"; };
		9494C0212A56158300DF51CF /* CombinationSumIV(377).swift */ = {isa = PBXFileReference; lastKnownFileType = sourcecode.swift; path = "CombinationSumIV(377).swift"; sourceTree = "<group>"; };
		9494C0232A561D9F00DF51CF /* CourseScheduleII(210).swift */ = {isa = PBXFileReference; lastKnownFileType = sourcecode.swift; path = "CourseScheduleII(210).swift"; sourceTree = "<group>"; };
		9494C0252A561F1300DF51CF /* SummaryRanges(228).swift */ = {isa = PBXFileReference; lastKnownFileType = sourcecode.swift; path = "SummaryRanges(228).swift"; sourceTree = "<group>"; };
		9494C0272A5626AE00DF51CF /* LowestCommonAncestorOfABinaryTree(236).swift */ = {isa = PBXFileReference; lastKnownFileType = sourcecode.swift; path = "LowestCommonAncestorOfABinaryTree(236).swift"; sourceTree = "<group>"; };
		9494C0292A56297500DF51CF /* AddDigits(258).swift */ = {isa = PBXFileReference; lastKnownFileType = sourcecode.swift; path = "AddDigits(258).swift"; sourceTree = "<group>"; };
		9494C02B2A56372200DF51CF /* HouseRobber(198).swift */ = {isa = PBXFileReference; lastKnownFileType = sourcecode.swift; path = "HouseRobber(198).swift"; sourceTree = "<group>"; };
		9494C02D2A56381C00DF51CF /* EvaluateDivision(399).swift */ = {isa = PBXFileReference; lastKnownFileType = sourcecode.swift; path = "EvaluateDivision(399).swift"; sourceTree = "<group>"; };
		9494C02F2A56538200DF51CF /* SortCharactersByFrequency(451).swift */ = {isa = PBXFileReference; lastKnownFileType = sourcecode.swift; path = "SortCharactersByFrequency(451).swift"; sourceTree = "<group>"; };
/* End PBXFileReference section */

/* Begin PBXFrameworksBuildPhase section */
		940644AD2A4612F2002C4546 /* Frameworks */ = {
			isa = PBXFrameworksBuildPhase;
			buildActionMask = 2147483647;
			files = (
			);
			runOnlyForDeploymentPostprocessing = 0;
		};
/* End PBXFrameworksBuildPhase section */

/* Begin PBXGroup section */
		940644A72A4612F2002C4546 = {
			isa = PBXGroup;
			children = (
				940644B22A4612F2002C4546 /* Leetcode */,
				940644B12A4612F2002C4546 /* Products */,
			);
			sourceTree = "<group>";
		};
		940644B12A4612F2002C4546 /* Products */ = {
			isa = PBXGroup;
			children = (
				940644B02A4612F2002C4546 /* Leetcode */,
			);
			name = Products;
			sourceTree = "<group>";
		};
		940644B22A4612F2002C4546 /* Leetcode */ = {
			isa = PBXGroup;
			children = (
				940644B32A4612F2002C4546 /* main.swift */,
				940644BA2A461BB3002C4546 /* TwoSum(1).swift */,
				9494C00B2A54D36D00DF51CF /* BestTimetoBuyandSellStock(121).swift */,
				940644BE2A4620E2002C4546 /* ContainsDuplicate(217).swift */,
				940644C02A462625002C4546 /* ProductofArrayExceptSelf(238).swift */,
				940644C22A462B37002C4546 /* MaximumProductSubarray(152).swift */,
				940644C42A463B99002C4546 /* FindMinimuminRotatedSortedArray(153).swift */,
				940644C62A4649EB002C4546 /* ClimbingStairs(70).swift */,
				940644C82A464A84002C4546 /* LongestIncreasingSubsequence(300).swift */,
				940644CA2A465B9A002C4546 /* ValidParentheses(20).swift */,
				940644CC2A465C97002C4546 /* SwapNodesinPairs(24).swift */,
				940644CE2A466106002C4546 /* SpiralMatrix(54).swift */,
				9494BFEB2A539CB800DF51CF /* BuddyStrings(859).swift */,
				9494BFED2A548D0F00DF51CF /* SumOfTwoIntegers(371).swift */,
				9494BFEF2A548E4500DF51CF /* SubtreeOfAnotherTree(572).swift */,
				9494BFF12A548F8300DF51CF /* InvertBinaryTree(226).swift */,
				9494BFF32A54909E00DF51CF /* LinkedListCycle(141).swift */,
				9494BFF52A5491D600DF51CF /* LongestConsecutiveSequence(128).swift */,
				9494BFF72A54928100DF51CF /* DecodeWays(91).swift */,
				9494BFF92A5494DF00DF51CF /* TopKFrequentElements(347).swift */,
				9494BFFB2A54964900DF51CF /* CourseSchedule(207).swift */,
				9494BFFD2A54C18800DF51CF /* 3Sum(15).swift */,
				9494BFFF2A54C7DB00DF51CF /* SimplifyPath(71).swift */,
				9494C0012A54CCBD00DF51CF /* Subsets(78).swift */,
				9494C0032A54CE7300DF51CF /* MergeSortedArray(88).swift */,
				9494C0052A54D00900DF51CF /* BinaryTreeInorderTraversal(94).swift */,
				9494C00D2A54D3D700DF51CF /* GasStation(134).swift */,
				9494C00F2A54D7BC00DF51CF /* ContainerWithMostWater(11).swift */,
				9494C0112A54DEA900DF51CF /* NumberOf1Bits(191).swift */,
				9494C0132A551DCA00DF51CF /* CountingBits(338).swift */,
				9494C0152A55225500DF51CF /* MissingNumber(268).swift */,
				9494C0172A552C4B00DF51CF /* ReverseBits(190).swift */,
				9494C0192A55E71700DF51CF /* CoinChange(322).swift */,
				9494C01B2A55EB9800DF51CF /* BinaryTreePreorderTraversal(144).swift */,
				9494C01D2A55EC7D00DF51CF /* BinaryTreePostorderTraversal(145).swift */,
				9494C01F2A5600CE00DF51CF /* WordBreak(139).swift */,
				9494C0212A56158300DF51CF /* CombinationSumIV(377).swift */,
				9494C0232A561D9F00DF51CF /* CourseScheduleII(210).swift */,
				9494C0252A561F1300DF51CF /* SummaryRanges(228).swift */,
				9494C0272A5626AE00DF51CF /* LowestCommonAncestorOfABinaryTree(236).swift */,
				9494C0292A56297500DF51CF /* AddDigits(258).swift */,
				9494C02B2A56372200DF51CF /* HouseRobber(198).swift */,
				9494C02D2A56381C00DF51CF /* EvaluateDivision(399).swift */,
				9494C02F2A56538200DF51CF /* SortCharactersByFrequency(451).swift */,
				946383192A57362500B24CA9 /* RotateImage(48).swift */,
				9463831B2A5742A100B24CA9 /* SetMatrixZeroes(73).swift */,
				9463831D2A57528F00B24CA9 /* ReverseLinkedList(206).swift */,
				9463831F2A5780F100B24CA9 /* MergeTwoSortedLists(21).swift */,
				946383212A5783D600B24CA9 /* MergeKSortedLists(23).swift */,
				946383232A5796DB00B24CA9 /* RemoveNthNodeFromEndOfList(19).swift */,
				946383252A588F8000B24CA9 /* ReorderList(143).swift */,
				9468CF842A58C92B0096D3CE /* WordSearch(79).swift */,
				9468CF862A58E5530096D3CE /* MaximumDepthOfBinaryTree(104).swift */,
				9468CF882A58EA5D0096D3CE /* SameTree(100).swift */,
				9468CF8A2A58ED5C0096D3CE /* BinaryTreeLevelOrderTraversal(102).swift */,
				9468CF8C2A59CE5D0096D3CE /* ValidateBinarySearchTree(98).swift */,
				9468CF8E2A5B80550096D3CE /* KthSmallestElementInaBST(230).swift */,
				9468CF902A5BB3200096D3CE /* LowestCommonAncestorOfaBinarySearchTree(235).swift */,
				9468CF922A5BCC330096D3CE /* NumberOfIslands(200).swift */,
				9468CF942A5BDC040096D3CE /* MinimumDepthOfBinaryTree(111).swift */,
				9468CF962A5CEC260096D3CE /* AllNodesDistanceKInBinaryTree(863).swift */,
				9468CF982A61CD630096D3CE /* LongestArithmeticSubsequenceOfGivenDifference(1218).swift */,
				947611D02A646AD90024E44E /* FindTheDifference(389).swift */,
				947611D22A6613210024E44E /* AddTwoNumbersII(445).swift */,
				9458AFD32A6E586A001C7E6D /* ConstructSmallestNumberFromDIString(2375).swift */,
			);
			path = Leetcode;
			sourceTree = "<group>";
		};
/* End PBXGroup section */

/* Begin PBXNativeTarget section */
		940644AF2A4612F2002C4546 /* Leetcode */ = {
			isa = PBXNativeTarget;
			buildConfigurationList = 940644B72A4612F2002C4546 /* Build configuration list for PBXNativeTarget "Leetcode" */;
			buildPhases = (
				940644AC2A4612F2002C4546 /* Sources */,
				940644AD2A4612F2002C4546 /* Frameworks */,
				940644AE2A4612F2002C4546 /* CopyFiles */,
			);
			buildRules = (
			);
			dependencies = (
			);
			name = Leetcode;
			productName = Leetcode;
			productReference = 940644B02A4612F2002C4546 /* Leetcode */;
			productType = "com.apple.product-type.tool";
		};
/* End PBXNativeTarget section */

/* Begin PBXProject section */
		940644A82A4612F2002C4546 /* Project object */ = {
			isa = PBXProject;
			attributes = {
				BuildIndependentTargetsInParallel = 1;
				LastSwiftUpdateCheck = 1430;
				LastUpgradeCheck = 1430;
				TargetAttributes = {
					940644AF2A4612F2002C4546 = {
						CreatedOnToolsVersion = 14.3.1;
					};
				};
			};
			buildConfigurationList = 940644AB2A4612F2002C4546 /* Build configuration list for PBXProject "Leetcode" */;
			compatibilityVersion = "Xcode 14.0";
			developmentRegion = en;
			hasScannedForEncodings = 0;
			knownRegions = (
				en,
				Base,
			);
			mainGroup = 940644A72A4612F2002C4546;
			productRefGroup = 940644B12A4612F2002C4546 /* Products */;
			projectDirPath = "";
			projectRoot = "";
			targets = (
				940644AF2A4612F2002C4546 /* Leetcode */,
			);
		};
/* End PBXProject section */

/* Begin PBXSourcesBuildPhase section */
		940644AC2A4612F2002C4546 /* Sources */ = {
			isa = PBXSourcesBuildPhase;
			buildActionMask = 2147483647;
			files = (
				9494C0142A551DCA00DF51CF /* CountingBits(338).swift in Sources */,
				9494C02A2A56297500DF51CF /* AddDigits(258).swift in Sources */,
				9494C0262A561F1300DF51CF /* SummaryRanges(228).swift in Sources */,
				946383222A5783D600B24CA9 /* MergeKSortedLists(23).swift in Sources */,
				947611D12A646AD90024E44E /* FindTheDifference(389).swift in Sources */,
				9494BFEC2A539CB800DF51CF /* BuddyStrings(859).swift in Sources */,
				9494C0202A5600CE00DF51CF /* WordBreak(139).swift in Sources */,
				940644BF2A4620E2002C4546 /* ContainsDuplicate(217).swift in Sources */,
				946383202A5780F100B24CA9 /* MergeTwoSortedLists(21).swift in Sources */,
				946383262A588F8000B24CA9 /* ReorderList(143).swift in Sources */,
				9494BFFA2A5494DF00DF51CF /* TopKFrequentElements(347).swift in Sources */,
				9494C00C2A54D36D00DF51CF /* BestTimetoBuyandSellStock(121).swift in Sources */,
				9494C01C2A55EB9800DF51CF /* BinaryTreePreorderTraversal(144).swift in Sources */,
				9458AFD42A6E586A001C7E6D /* ConstructSmallestNumberFromDIString(2375).swift in Sources */,
				9468CF8D2A59CE5D0096D3CE /* ValidateBinarySearchTree(98).swift in Sources */,
				9468CF972A5CEC260096D3CE /* AllNodesDistanceKInBinaryTree(863).swift in Sources */,
				940644CD2A465C97002C4546 /* SwapNodesinPairs(24).swift in Sources */,
				9494C01A2A55E71700DF51CF /* CoinChange(322).swift in Sources */,
				9494BFF62A5491D600DF51CF /* LongestConsecutiveSequence(128).swift in Sources */,
				9494C0242A561D9F00DF51CF /* CourseScheduleII(210).swift in Sources */,
				9494C0282A5626AE00DF51CF /* LowestCommonAncestorOfABinaryTree(236).swift in Sources */,
				947611D32A6613210024E44E /* AddTwoNumbersII(445).swift in Sources */,
				9494BFF82A54928100DF51CF /* DecodeWays(91).swift in Sources */,
				9468CF852A58C92B0096D3CE /* WordSearch(79).swift in Sources */,
				940644C52A463B99002C4546 /* FindMinimuminRotatedSortedArray(153).swift in Sources */,
				9494C02E2A56381C00DF51CF /* EvaluateDivision(399).swift in Sources */,
				9468CF872A58E5530096D3CE /* MaximumDepthOfBinaryTree(104).swift in Sources */,
				9494C0062A54D00900DF51CF /* BinaryTreeInorderTraversal(94).swift in Sources */,
				9494C0222A56158300DF51CF /* CombinationSumIV(377).swift in Sources */,
				9494C0182A552C4B00DF51CF /* ReverseBits(190).swift in Sources */,
				946383242A5796DB00B24CA9 /* RemoveNthNodeFromEndOfList(19).swift in Sources */,
				9468CF8F2A5B80550096D3CE /* KthSmallestElementInaBST(230).swift in Sources */,
				9463831C2A5742A100B24CA9 /* SetMatrixZeroes(73).swift in Sources */,
				9494C01E2A55EC7D00DF51CF /* BinaryTreePostorderTraversal(145).swift in Sources */,
				940644CF2A466106002C4546 /* SpiralMatrix(54).swift in Sources */,
				940644C12A462625002C4546 /* ProductofArrayExceptSelf(238).swift in Sources */,
				9468CF8B2A58ED5C0096D3CE /* BinaryTreeLevelOrderTraversal(102).swift in Sources */,
				9468CF912A5BB3200096D3CE /* LowestCommonAncestorOfaBinarySearchTree(235).swift in Sources */,
				9494BFF02A548E4500DF51CF /* SubtreeOfAnotherTree(572).swift in Sources */,
				9463831E2A57528F00B24CA9 /* ReverseLinkedList(206).swift in Sources */,
				940644C92A464A84002C4546 /* LongestIncreasingSubsequence(300).swift in Sources */,
				9494C0042A54CE7300DF51CF /* MergeSortedArray(88).swift in Sources */,
				9494BFFE2A54C18800DF51CF /* 3Sum(15).swift in Sources */,
				9494C0022A54CCBD00DF51CF /* Subsets(78).swift in Sources */,
				9494C00E2A54D3D700DF51CF /* GasStation(134).swift in Sources */,
				9468CF952A5BDC040096D3CE /* MinimumDepthOfBinaryTree(111).swift in Sources */,
				9494BFFC2A54964900DF51CF /* CourseSchedule(207).swift in Sources */,
				940644C32A462B37002C4546 /* MaximumProductSubarray(152).swift in Sources */,
				9494C0302A56538200DF51CF /* SortCharactersByFrequency(451).swift in Sources */,
				940644CB2A465B9A002C4546 /* ValidParentheses(20).swift in Sources */,
				940644B42A4612F2002C4546 /* main.swift in Sources */,
				9468CF892A58EA5D0096D3CE /* SameTree(100).swift in Sources */,
				940644C72A4649EB002C4546 /* ClimbingStairs(70).swift in Sources */,
				9494C0122A54DEA900DF51CF /* NumberOf1Bits(191).swift in Sources */,
				9494C02C2A56372200DF51CF /* HouseRobber(198).swift in Sources */,
				9494C0102A54D7BC00DF51CF /* ContainerWithMostWater(11).swift in Sources */,
				9468CF992A61CD630096D3CE /* LongestArithmeticSubsequenceOfGivenDifference(1218).swift in Sources */,
				940644BB2A461BB3002C4546 /* TwoSum(1).swift in Sources */,
				9494C0162A55225500DF51CF /* MissingNumber(268).swift in Sources */,
				9468CF932A5BCC330096D3CE /* NumberOfIslands(200).swift in Sources */,
				9463831A2A57362500B24CA9 /* RotateImage(48).swift in Sources */,
				9494C0002A54C7DB00DF51CF /* SimplifyPath(71).swift in Sources */,
				9494BFF22A548F8300DF51CF /* InvertBinaryTree(226).swift in Sources */,
				9494BFF42A54909E00DF51CF /* LinkedListCycle(141).swift in Sources */,
				9494BFEE2A548D0F00DF51CF /* SumOfTwoIntegers(371).swift in Sources */,
			);
			runOnlyForDeploymentPostprocessing = 0;
		};
/* End PBXSourcesBuildPhase section */

/* Begin XCBuildConfiguration section */
		940644B52A4612F2002C4546 /* Debug */ = {
			isa = XCBuildConfiguration;
			buildSettings = {
				ALWAYS_SEARCH_USER_PATHS = NO;
				CLANG_ANALYZER_NONNULL = YES;
				CLANG_ANALYZER_NUMBER_OBJECT_CONVERSION = YES_AGGRESSIVE;
				CLANG_CXX_LANGUAGE_STANDARD = "gnu++20";
				CLANG_ENABLE_MODULES = YES;
				CLANG_ENABLE_OBJC_ARC = YES;
				CLANG_ENABLE_OBJC_WEAK = YES;
				CLANG_WARN_BLOCK_CAPTURE_AUTORELEASING = YES;
				CLANG_WARN_BOOL_CONVERSION = YES;
				CLANG_WARN_COMMA = YES;
				CLANG_WARN_CONSTANT_CONVERSION = YES;
				CLANG_WARN_DEPRECATED_OBJC_IMPLEMENTATIONS = YES;
				CLANG_WARN_DIRECT_OBJC_ISA_USAGE = YES_ERROR;
				CLANG_WARN_DOCUMENTATION_COMMENTS = YES;
				CLANG_WARN_EMPTY_BODY = YES;
				CLANG_WARN_ENUM_CONVERSION = YES;
				CLANG_WARN_INFINITE_RECURSION = YES;
				CLANG_WARN_INT_CONVERSION = YES;
				CLANG_WARN_NON_LITERAL_NULL_CONVERSION = YES;
				CLANG_WARN_OBJC_IMPLICIT_RETAIN_SELF = YES;
				CLANG_WARN_OBJC_LITERAL_CONVERSION = YES;
				CLANG_WARN_OBJC_ROOT_CLASS = YES_ERROR;
				CLANG_WARN_QUOTED_INCLUDE_IN_FRAMEWORK_HEADER = YES;
				CLANG_WARN_RANGE_LOOP_ANALYSIS = YES;
				CLANG_WARN_STRICT_PROTOTYPES = YES;
				CLANG_WARN_SUSPICIOUS_MOVE = YES;
				CLANG_WARN_UNGUARDED_AVAILABILITY = YES_AGGRESSIVE;
				CLANG_WARN_UNREACHABLE_CODE = YES;
				CLANG_WARN__DUPLICATE_METHOD_MATCH = YES;
				COPY_PHASE_STRIP = NO;
				DEBUG_INFORMATION_FORMAT = dwarf;
				ENABLE_STRICT_OBJC_MSGSEND = YES;
				ENABLE_TESTABILITY = YES;
				GCC_C_LANGUAGE_STANDARD = gnu11;
				GCC_DYNAMIC_NO_PIC = NO;
				GCC_NO_COMMON_BLOCKS = YES;
				GCC_OPTIMIZATION_LEVEL = 0;
				GCC_PREPROCESSOR_DEFINITIONS = (
					"DEBUG=1",
					"$(inherited)",
				);
				GCC_WARN_64_TO_32_BIT_CONVERSION = YES;
				GCC_WARN_ABOUT_RETURN_TYPE = YES_ERROR;
				GCC_WARN_UNDECLARED_SELECTOR = YES;
				GCC_WARN_UNINITIALIZED_AUTOS = YES_AGGRESSIVE;
				GCC_WARN_UNUSED_FUNCTION = YES;
				GCC_WARN_UNUSED_VARIABLE = YES;
				MACOSX_DEPLOYMENT_TARGET = 13.3;
				MTL_ENABLE_DEBUG_INFO = INCLUDE_SOURCE;
				MTL_FAST_MATH = YES;
				ONLY_ACTIVE_ARCH = YES;
				SDKROOT = macosx;
				SWIFT_ACTIVE_COMPILATION_CONDITIONS = DEBUG;
				SWIFT_OPTIMIZATION_LEVEL = "-Onone";
			};
			name = Debug;
		};
		940644B62A4612F2002C4546 /* Release */ = {
			isa = XCBuildConfiguration;
			buildSettings = {
				ALWAYS_SEARCH_USER_PATHS = NO;
				CLANG_ANALYZER_NONNULL = YES;
				CLANG_ANALYZER_NUMBER_OBJECT_CONVERSION = YES_AGGRESSIVE;
				CLANG_CXX_LANGUAGE_STANDARD = "gnu++20";
				CLANG_ENABLE_MODULES = YES;
				CLANG_ENABLE_OBJC_ARC = YES;
				CLANG_ENABLE_OBJC_WEAK = YES;
				CLANG_WARN_BLOCK_CAPTURE_AUTORELEASING = YES;
				CLANG_WARN_BOOL_CONVERSION = YES;
				CLANG_WARN_COMMA = YES;
				CLANG_WARN_CONSTANT_CONVERSION = YES;
				CLANG_WARN_DEPRECATED_OBJC_IMPLEMENTATIONS = YES;
				CLANG_WARN_DIRECT_OBJC_ISA_USAGE = YES_ERROR;
				CLANG_WARN_DOCUMENTATION_COMMENTS = YES;
				CLANG_WARN_EMPTY_BODY = YES;
				CLANG_WARN_ENUM_CONVERSION = YES;
				CLANG_WARN_INFINITE_RECURSION = YES;
				CLANG_WARN_INT_CONVERSION = YES;
				CLANG_WARN_NON_LITERAL_NULL_CONVERSION = YES;
				CLANG_WARN_OBJC_IMPLICIT_RETAIN_SELF = YES;
				CLANG_WARN_OBJC_LITERAL_CONVERSION = YES;
				CLANG_WARN_OBJC_ROOT_CLASS = YES_ERROR;
				CLANG_WARN_QUOTED_INCLUDE_IN_FRAMEWORK_HEADER = YES;
				CLANG_WARN_RANGE_LOOP_ANALYSIS = YES;
				CLANG_WARN_STRICT_PROTOTYPES = YES;
				CLANG_WARN_SUSPICIOUS_MOVE = YES;
				CLANG_WARN_UNGUARDED_AVAILABILITY = YES_AGGRESSIVE;
				CLANG_WARN_UNREACHABLE_CODE = YES;
				CLANG_WARN__DUPLICATE_METHOD_MATCH = YES;
				COPY_PHASE_STRIP = NO;
				DEBUG_INFORMATION_FORMAT = "dwarf-with-dsym";
				ENABLE_NS_ASSERTIONS = NO;
				ENABLE_STRICT_OBJC_MSGSEND = YES;
				GCC_C_LANGUAGE_STANDARD = gnu11;
				GCC_NO_COMMON_BLOCKS = YES;
				GCC_WARN_64_TO_32_BIT_CONVERSION = YES;
				GCC_WARN_ABOUT_RETURN_TYPE = YES_ERROR;
				GCC_WARN_UNDECLARED_SELECTOR = YES;
				GCC_WARN_UNINITIALIZED_AUTOS = YES_AGGRESSIVE;
				GCC_WARN_UNUSED_FUNCTION = YES;
				GCC_WARN_UNUSED_VARIABLE = YES;
				MACOSX_DEPLOYMENT_TARGET = 13.3;
				MTL_ENABLE_DEBUG_INFO = NO;
				MTL_FAST_MATH = YES;
				SDKROOT = macosx;
				SWIFT_COMPILATION_MODE = wholemodule;
				SWIFT_OPTIMIZATION_LEVEL = "-O";
			};
			name = Release;
		};
		940644B82A4612F2002C4546 /* Debug */ = {
			isa = XCBuildConfiguration;
			buildSettings = {
				CODE_SIGN_STYLE = Automatic;
				DEVELOPMENT_TEAM = 26666M9T3Z;
				ENABLE_HARDENED_RUNTIME = YES;
				PRODUCT_NAME = "$(TARGET_NAME)";
				SWIFT_VERSION = 5.0;
			};
			name = Debug;
		};
		940644B92A4612F2002C4546 /* Release */ = {
			isa = XCBuildConfiguration;
			buildSettings = {
				CODE_SIGN_STYLE = Automatic;
				DEVELOPMENT_TEAM = 26666M9T3Z;
				ENABLE_HARDENED_RUNTIME = YES;
				PRODUCT_NAME = "$(TARGET_NAME)";
				SWIFT_VERSION = 5.0;
			};
			name = Release;
		};
/* End XCBuildConfiguration section */

/* Begin XCConfigurationList section */
		940644AB2A4612F2002C4546 /* Build configuration list for PBXProject "Leetcode" */ = {
			isa = XCConfigurationList;
			buildConfigurations = (
				940644B52A4612F2002C4546 /* Debug */,
				940644B62A4612F2002C4546 /* Release */,
			);
			defaultConfigurationIsVisible = 0;
			defaultConfigurationName = Release;
		};
		940644B72A4612F2002C4546 /* Build configuration list for PBXNativeTarget "Leetcode" */ = {
			isa = XCConfigurationList;
			buildConfigurations = (
				940644B82A4612F2002C4546 /* Debug */,
				940644B92A4612F2002C4546 /* Release */,
			);
			defaultConfigurationIsVisible = 0;
			defaultConfigurationName = Release;
		};
/* End XCConfigurationList section */
	};
	rootObject = 940644A82A4612F2002C4546 /* Project object */;
}
